
Microsoft Visual Studio Solution File, Format Version 12.00
Project("{FAE04EC0-301F-11D3-BF4B-00C04F79EFBC}") = "Redis.Poc", "Redis.Poc\Redis.Poc.csproj", "{A431F724-4E90-4A75-8BDF-F296B7AEB387}"
EndProject
Project("{FAE04EC0-301F-11D3-BF4B-00C04F79EFBC}") = "Redis.Poc.Tests", "Redis.Poc.Tests\Redis.Poc.Tests.csproj", "{7463F38C-BD8E-4C34-80DB-48FECD09ED69}"
EndProject
Global
	GlobalSection(SolutionConfigurationPlatforms) = preSolution
		Debug|Any CPU = Debug|Any CPU
		Release|Any CPU = Release|Any CPU
	EndGlobalSection
	GlobalSection(ProjectConfigurationPlatforms) = postSolution
		{A431F724-4E90-4A75-8BDF-F296B7AEB387}.Debug|Any CPU.ActiveCfg = Debug|Any CPU
		{A431F724-4E90-4A75-8BDF-F296B7AEB387}.Debug|Any CPU.Build.0 = Debug|Any CPU
		{A431F724-4E90-4A75-8BDF-F296B7AEB387}.Release|Any CPU.ActiveCfg = Release|Any CPU
		{A431F724-4E90-4A75-8BDF-F296B7AEB387}.Release|Any CPU.Build.0 = Release|Any CPU
		{7463F38C-BD8E-4C34-80DB-48FECD09ED69}.Debug|Any CPU.ActiveCfg = Debug|Any CPU
		{7463F38C-BD8E-4C34-80DB-48FECD09ED69}.Debug|Any CPU.Build.0 = Debug|Any CPU
		{7463F38C-BD8E-4C34-80DB-48FECD09ED69}.Release|Any CPU.ActiveCfg = Release|Any CPU
		{7463F38C-BD8E-4C34-80DB-48FECD09ED69}.Release|Any CPU.Build.0 = Release|Any CPU
	EndGlobalSection
EndGlobal
